// !$*UTF8*$!
{
	archiveVersion = 1;
	classes = {
	};
	objectVersion = 46;
	objects = {

/* Begin PBXBuildFile section */
		A82C91CB1C7B4F7C0015DBC0 /* AppDelegate.swift in Sources */ = {isa = PBXBuildFile; fileRef = A82C91CA1C7B4F7C0015DBC0 /* AppDelegate.swift */; };
		A82C91CD1C7B4F7C0015DBC0 /* ViewController.swift in Sources */ = {isa = PBXBuildFile; fileRef = A82C91CC1C7B4F7C0015DBC0 /* ViewController.swift */; };
		A82C91D01C7B4F7C0015DBC0 /* Main.storyboard in Resources */ = {isa = PBXBuildFile; fileRef = A82C91CE1C7B4F7C0015DBC0 /* Main.storyboard */; };
		A82C91D21C7B4F7C0015DBC0 /* Assets.xcassets in Resources */ = {isa = PBXBuildFile; fileRef = A82C91D11C7B4F7C0015DBC0 /* Assets.xcassets */; };
		A82C91D51C7B4F7C0015DBC0 /* LaunchScreen.storyboard in Resources */ = {isa = PBXBuildFile; fileRef = A82C91D31C7B4F7C0015DBC0 /* LaunchScreen.storyboard */; };
		A82C91E01C7B4F7C0015DBC0 /* Basic_UITests.swift in Sources */ = {isa = PBXBuildFile; fileRef = A82C91DF1C7B4F7C0015DBC0 /* Basic_UITests.swift */; };
		A82C91EB1C7B4F7C0015DBC0 /* Basic_UIUITests.swift in Sources */ = {isa = PBXBuildFile; fileRef = A82C91EA1C7B4F7C0015DBC0 /* Basic_UIUITests.swift */; };
		A8A63B7C1C80954700F26689 /* RatingControl.swift in Sources */ = {isa = PBXBuildFile; fileRef = A8A63B7B1C80954700F26689 /* RatingControl.swift */; };
/* End PBXBuildFile section */

/* Begin PBXContainerItemProxy section */
		A82C91DC1C7B4F7C0015DBC0 /* PBXContainerItemProxy */ = {
			isa = PBXContainerItemProxy;
			containerPortal = A82C91BF1C7B4F7C0015DBC0 /* Project object */;
			proxyType = 1;
			remoteGlobalIDString = A82C91C61C7B4F7C0015DBC0;
			remoteInfo = "Basic UI";
		};
		A82C91E71C7B4F7C0015DBC0 /* PBXContainerItemProxy */ = {
			isa = PBXContainerItemProxy;
			containerPortal = A82C91BF1C7B4F7C0015DBC0 /* Project object */;
			proxyType = 1;
			remoteGlobalIDString = A82C91C61C7B4F7C0015DBC0;
			remoteInfo = "Basic UI";
		};
/* End PBXContainerItemProxy section */

/* Begin PBXFileReference section */
		A82C91C71C7B4F7C0015DBC0 /* Basic UI.app */ = {isa = PBXFileReference; explicitFileType = wrapper.application; includeInIndex = 0; path = "Basic UI.app"; sourceTree = BUILT_PRODUCTS_DIR; };
		A82C91CA1C7B4F7C0015DBC0 /* AppDelegate.swift */ = {isa = PBXFileReference; lastKnownFileType = sourcecode.swift; path = AppDelegate.swift; sourceTree = "<group>"; };
		A82C91CC1C7B4F7C0015DBC0 /* ViewController.swift */ = {isa = PBXFileReference; lastKnownFileType = sourcecode.swift; path = ViewController.swift; sourceTree = "<group>"; };
		A82C91CF1C7B4F7C0015DBC0 /* Base */ = {isa = PBXFileReference; lastKnownFileType = file.storyboard; name = Base; path = Base.lproj/Main.storyboard; sourceTree = "<group>"; };
		A82C91D11C7B4F7C0015DBC0 /* Assets.xcassets */ = {isa = PBXFileReference; lastKnownFileType = folder.assetcatalog; path = Assets.xcassets; sourceTree = "<group>"; };
		A82C91D41C7B4F7C0015DBC0 /* Base */ = {isa = PBXFileReference; lastKnownFileType = file.storyboard; name = Base; path = Base.lproj/LaunchScreen.storyboard; sourceTree = "<group>"; };
		A82C91D61C7B4F7C0015DBC0 /* Info.plist */ = {isa = PBXFileReference; lastKnownFileType = text.plist.xml; path = Info.plist; sourceTree = "<group>"; };
		A82C91DB1C7B4F7C0015DBC0 /* Basic UITests.xctest */ = {isa = PBXFileReference; explicitFileType = wrapper.cfbundle; includeInIndex = 0; path = "Basic UITests.xctest"; sourceTree = BUILT_PRODUCTS_DIR; };
		A82C91DF1C7B4F7C0015DBC0 /* Basic_UITests.swift */ = {isa = PBXFileReference; lastKnownFileType = sourcecode.swift; path = Basic_UITests.swift; sourceTree = "<group>"; };
		A82C91E11C7B4F7C0015DBC0 /* Info.plist */ = {isa = PBXFileReference; lastKnownFileType = text.plist.xml; path = Info.plist; sourceTree = "<group>"; };
		A82C91E61C7B4F7C0015DBC0 /* Basic UIUITests.xctest */ = {isa = PBXFileReference; explicitFileType = wrapper.cfbundle; includeInIndex = 0; path = "Basic UIUITests.xctest"; sourceTree = BUILT_PRODUCTS_DIR; };
		A82C91EA1C7B4F7C0015DBC0 /* Basic_UIUITests.swift */ = {isa = PBXFileReference; lastKnownFileType = sourcecode.swift; path = Basic_UIUITests.swift; sourceTree = "<group>"; };
		A82C91EC1C7B4F7C0015DBC0 /* Info.plist */ = {isa = PBXFileReference; lastKnownFileType = text.plist.xml; path = Info.plist; sourceTree = "<group>"; };
		A8A63B7B1C80954700F26689 /* RatingControl.swift */ = {isa = PBXFileReference; fileEncoding = 4; lastKnownFileType = sourcecode.swift; path = RatingControl.swift; sourceTree = "<group>"; };
/* End PBXFileReference section */

/* Begin PBXFrameworksBuildPhase section */
		A82C91C41C7B4F7C0015DBC0 /* Frameworks */ = {
			isa = PBXFrameworksBuildPhase;
			buildActionMask = 2147483647;
			files = (
			);
			runOnlyForDeploymentPostprocessing = 0;
		};
		A82C91D81C7B4F7C0015DBC0 /* Frameworks */ = {
			isa = PBXFrameworksBuildPhase;
			buildActionMask = 2147483647;
			files = (
			);
			runOnlyForDeploymentPostprocessing = 0;
		};
		A82C91E31C7B4F7C0015DBC0 /* Frameworks */ = {
			isa = PBXFrameworksBuildPhase;
			buildActionMask = 2147483647;
			files = (
			);
			runOnlyForDeploymentPostprocessing = 0;
		};
/* End PBXFrameworksBuildPhase section */

/* Begin PBXGroup section */
		A82C91BE1C7B4F7C0015DBC0 = {
			isa = PBXGroup;
			children = (
				A8A63B7B1C80954700F26689 /* RatingControl.swift */,
				A82C91C91C7B4F7C0015DBC0 /* Basic UI */,
				A82C91DE1C7B4F7C0015DBC0 /* Basic UITests */,
				A82C91E91C7B4F7C0015DBC0 /* Basic UIUITests */,
				A82C91C81C7B4F7C0015DBC0 /* Products */,
			);
			sourceTree = "<group>";
		};
		A82C91C81C7B4F7C0015DBC0 /* Products */ = {
			isa = PBXGroup;
			children = (
				A82C91C71C7B4F7C0015DBC0 /* Basic UI.app */,
				A82C91DB1C7B4F7C0015DBC0 /* Basic UITests.xctest */,
				A82C91E61C7B4F7C0015DBC0 /* Basic UIUITests.xctest */,
			);
			name = Products;
			sourceTree = "<group>";
		};
		A82C91C91C7B4F7C0015DBC0 /* Basic UI */ = {
			isa = PBXGroup;
			children = (
				A82C91CA1C7B4F7C0015DBC0 /* AppDelegate.swift */,
				A82C91CC1C7B4F7C0015DBC0 /* ViewController.swift */,
				A82C91CE1C7B4F7C0015DBC0 /* Main.storyboard */,
				A82C91D11C7B4F7C0015DBC0 /* Assets.xcassets */,
				A82C91D31C7B4F7C0015DBC0 /* LaunchScreen.storyboard */,
				A82C91D61C7B4F7C0015DBC0 /* Info.plist */,
			);
			path = "Basic UI";
			sourceTree = "<group>";
		};
		A82C91DE1C7B4F7C0015DBC0 /* Basic UITests */ = {
			isa = PBXGroup;
			children = (
				A82C91DF1C7B4F7C0015DBC0 /* Basic_UITests.swift */,
				A82C91E11C7B4F7C0015DBC0 /* Info.plist */,
			);
			path = "Basic UITests";
			sourceTree = "<group>";
		};
		A82C91E91C7B4F7C0015DBC0 /* Basic UIUITests */ = {
			isa = PBXGroup;
			children = (
				A82C91EA1C7B4F7C0015DBC0 /* Basic_UIUITests.swift */,
				A82C91EC1C7B4F7C0015DBC0 /* Info.plist */,
			);
			path = "Basic UIUITests";
			sourceTree = "<group>";
		};
/* End PBXGroup section */

/* Begin PBXNativeTarget section */
		A82C91C61C7B4F7C0015DBC0 /* Basic UI */ = {
			isa = PBXNativeTarget;
			buildConfigurationList = A82C91EF1C7B4F7C0015DBC0 /* Build configuration list for PBXNativeTarget "Basic UI" */;
			buildPhases = (
				A82C91C31C7B4F7C0015DBC0 /* Sources */,
				A82C91C41C7B4F7C0015DBC0 /* Frameworks */,
				A82C91C51C7B4F7C0015DBC0 /* Resources */,
			);
			buildRules = (
			);
			dependencies = (
			);
			name = "Basic UI";
			productName = "Basic UI";
			productReference = A82C91C71C7B4F7C0015DBC0 /* Basic UI.app */;
			productType = "com.apple.product-type.application";
		};
		A82C91DA1C7B4F7C0015DBC0 /* Basic UITests */ = {
			isa = PBXNativeTarget;
			buildConfigurationList = A82C91F21C7B4F7C0015DBC0 /* Build configuration list for PBXNativeTarget "Basic UITests" */;
			buildPhases = (
				A82C91D71C7B4F7C0015DBC0 /* Sources */,
				A82C91D81C7B4F7C0015DBC0 /* Frameworks */,
				A82C91D91C7B4F7C0015DBC0 /* Resources */,
			);
			buildRules = (
			);
			dependencies = (
				A82C91DD1C7B4F7C0015DBC0 /* PBXTargetDependency */,
			);
			name = "Basic UITests";
			productName = "Basic UITests";
			productReference = A82C91DB1C7B4F7C0015DBC0 /* Basic UITests.xctest */;
			productType = "com.apple.product-type.bundle.unit-test";
		};
		A82C91E51C7B4F7C0015DBC0 /* Basic UIUITests */ = {
			isa = PBXNativeTarget;
			buildConfigurationList = A82C91F51C7B4F7C0015DBC0 /* Build configuration list for PBXNativeTarget "Basic UIUITests" */;
			buildPhases = (
				A82C91E21C7B4F7C0015DBC0 /* Sources */,
				A82C91E31C7B4F7C0015DBC0 /* Frameworks */,
				A82C91E41C7B4F7C0015DBC0 /* Resources */,
			);
			buildRules = (
			);
			dependencies = (
				A82C91E81C7B4F7C0015DBC0 /* PBXTargetDependency */,
			);
			name = "Basic UIUITests";
			productName = "Basic UIUITests";
			productReference = A82C91E61C7B4F7C0015DBC0 /* Basic UIUITests.xctest */;
			productType = "com.apple.product-type.bundle.ui-testing";
		};
/* End PBXNativeTarget section */

/* Begin PBXProject section */
		A82C91BF1C7B4F7C0015DBC0 /* Project object */ = {
			isa = PBXProject;
			attributes = {
				LastSwiftUpdateCheck = 0720;
				LastUpgradeCheck = 0720;
				ORGANIZATIONNAME = "Filip Skalican";
				TargetAttributes = {
					A82C91C61C7B4F7C0015DBC0 = {
						CreatedOnToolsVersion = 7.2.1;
					};
					A82C91DA1C7B4F7C0015DBC0 = {
						CreatedOnToolsVersion = 7.2.1;
						TestTargetID = A82C91C61C7B4F7C0015DBC0;
					};
					A82C91E51C7B4F7C0015DBC0 = {
						CreatedOnToolsVersion = 7.2.1;
						TestTargetID = A82C91C61C7B4F7C0015DBC0;
					};
				};
			};
			buildConfigurationList = A82C91C21C7B4F7C0015DBC0 /* Build configuration list for PBXProject "Basic UI" */;
			compatibilityVersion = "Xcode 3.2";
			developmentRegion = English;
			hasScannedForEncodings = 0;
			knownRegions = (
				en,
				Base,
			);
			mainGroup = A82C91BE1C7B4F7C0015DBC0;
			productRefGroup = A82C91C81C7B4F7C0015DBC0 /* Products */;
			projectDirPath = "";
			projectRoot = "";
			targets = (
				A82C91C61C7B4F7C0015DBC0 /* Basic UI */,
				A82C91DA1C7B4F7C0015DBC0 /* Basic UITests */,
				A82C91E51C7B4F7C0015DBC0 /* Basic UIUITests */,
			);
		};
/* End PBXProject section */

/* Begin PBXResourcesBuildPhase section */
		A82C91C51C7B4F7C0015DBC0 /* Resources */ = {
			isa = PBXResourcesBuildPhase;
			buildActionMask = 2147483647;
			files = (
				A82C91D51C7B4F7C0015DBC0 /* LaunchScreen.storyboard in Resources */,
				A82C91D21C7B4F7C0015DBC0 /* Assets.xcassets in Resources */,
				A82C91D01C7B4F7C0015DBC0 /* Main.storyboard in Resources */,
			);
			runOnlyForDeploymentPostprocessing = 0;
		};
		A82C91D91C7B4F7C0015DBC0 /* Resources */ = {
			isa = PBXResourcesBuildPhase;
			buildActionMask = 2147483647;
			files = (
			);
			runOnlyForDeploymentPostprocessing = 0;
		};
		A82C91E41C7B4F7C0015DBC0 /* Resources */ = {
			isa = PBXResourcesBuildPhase;
			buildActionMask = 2147483647;
			files = (
			);
			runOnlyForDeploymentPostprocessing = 0;
		};
/* End PBXResourcesBuildPhase section */

/* Begin PBXSourcesBuildPhase section */
		A82C91C31C7B4F7C0015DBC0 /* Sources */ = {
			isa = PBXSourcesBuildPhase;
			buildActionMask = 2147483647;
			files = (
				A82C91CD1C7B4F7C0015DBC0 /* ViewController.swift in Sources */,
				A8A63B7C1C80954700F26689 /* RatingControl.swift in Sources */,
				A82C91CB1C7B4F7C0015DBC0 /* AppDelegate.swift in Sources */,
			);
			runOnlyForDeploymentPostprocessing = 0;
		};
		A82C91D71C7B4F7C0015DBC0 /* Sources */ = {
			isa = PBXSourcesBuildPhase;
			buildActionMask = 2147483647;
			files = (
				A82C91E01C7B4F7C0015DBC0 /* Basic_UITests.swift in Sources */,
			);
			runOnlyForDeploymentPostprocessing = 0;
		};
		A82C91E21C7B4F7C0015DBC0 /* Sources */ = {
			isa = PBXSourcesBuildPhase;
			buildActionMask = 2147483647;
			files = (
				A82C91EB1C7B4F7C0015DBC0 /* Basic_UIUITests.swift in Sources */,
			);
			runOnlyForDeploymentPostprocessing = 0;
		};
/* End PBXSourcesBuildPhase section */

/* Begin PBXTargetDependency section */
		A82C91DD1C7B4F7C0015DBC0 /* PBXTargetDependency */ = {
			isa = PBXTargetDependency;
			target = A82C91C61C7B4F7C0015DBC0 /* Basic UI */;
			targetProxy = A82C91DC1C7B4F7C0015DBC0 /* PBXContainerItemProxy */;
		};
		A82C91E81C7B4F7C0015DBC0 /* PBXTargetDependency */ = {
			isa = PBXTargetDependency;
			target = A82C91C61C7B4F7C0015DBC0 /* Basic UI */;
			targetProxy = A82C91E71C7B4F7C0015DBC0 /* PBXContainerItemProxy */;
		};
/* End PBXTargetDependency section */

/* Begin PBXVariantGroup section */
		A82C91CE1C7B4F7C0015DBC0 /* Main.storyboard */ = {
			isa = PBXVariantGroup;
			children = (
				A82C91CF1C7B4F7C0015DBC0 /* Base */,
			);
			name = Main.storyboard;
			sourceTree = "<group>";
		};
		A82C91D31C7B4F7C0015DBC0 /* LaunchScreen.storyboard */ = {
			isa = PBXVariantGroup;
			children = (
				A82C91D41C7B4F7C0015DBC0 /* Base */,
			);
			name = LaunchScreen.storyboard;
			sourceTree = "<group>";
		};
/* End PBXVariantGroup section */

/* Begin XCBuildConfiguration section */
		A82C91ED1C7B4F7C0015DBC0 /* Debug */ = {
			isa = XCBuildConfiguration;
			buildSettings = {
				ALWAYS_SEARCH_USER_PATHS = NO;
				CLANG_CXX_LANGUAGE_STANDARD = "gnu++0x";
				CLANG_CXX_LIBRARY = "libc++";
				CLANG_ENABLE_MODULES = YES;
				CLANG_ENABLE_OBJC_ARC = YES;
				CLANG_WARN_BOOL_CONVERSION = YES;
				CLANG_WARN_CONSTANT_CONVERSION = YES;
				CLANG_WARN_DIRECT_OBJC_ISA_USAGE = YES_ERROR;
				CLANG_WARN_EMPTY_BODY = YES;
				CLANG_WARN_ENUM_CONVERSION = YES;
				CLANG_WARN_INT_CONVERSION = YES;
				CLANG_WARN_OBJC_ROOT_CLASS = YES_ERROR;
				CLANG_WARN_UNREACHABLE_CODE = YES;
				CLANG_WARN__DUPLICATE_METHOD_MATCH = YES;
				"CODE_SIGN_IDENTITY[sdk=iphoneos*]" = "iPhone Developer";
				COPY_PHASE_STRIP = NO;
				DEBUG_INFORMATION_FORMAT = dwarf;
				ENABLE_STRICT_OBJC_MSGSEND = YES;
				ENABLE_TESTABILITY = YES;
				GCC_C_LANGUAGE_STANDARD = gnu99;
				GCC_DYNAMIC_NO_PIC = NO;
				GCC_NO_COMMON_BLOCKS = YES;
				GCC_OPTIMIZATION_LEVEL = 0;
				GCC_PREPROCESSOR_DEFINITIONS = (
					"DEBUG=1",
					"$(inherited)",
				);
				GCC_WARN_64_TO_32_BIT_CONVERSION = YES;
				GCC_WARN_ABOUT_RETURN_TYPE = YES_ERROR;
				GCC_WARN_UNDECLARED_SELECTOR = YES;
				GCC_WARN_UNINITIALIZED_AUTOS = YES_AGGRESSIVE;
				GCC_WARN_UNUSED_FUNCTION = YES;
				GCC_WARN_UNUSED_VARIABLE = YES;
				IPHONEOS_DEPLOYMENT_TARGET = 9.2;
				MTL_ENABLE_DEBUG_INFO = YES;
				ONLY_ACTIVE_ARCH = YES;
				SDKROOT = iphoneos;
				SWIFT_OPTIMIZATION_LEVEL = "-Onone";
				TARGETED_DEVICE_FAMILY = "1,2";
			};
			name = Debug;
		};
		A82C91EE1C7B4F7C0015DBC0 /* Release */ = {
			isa = XCBuildConfiguration;
			buildSettings = {
				ALWAYS_SEARCH_USER_PATHS = NO;
				CLANG_CXX_LANGUAGE_STANDARD = "gnu++0x";
				CLANG_CXX_LIBRARY = "libc++";
				CLANG_ENABLE_MODULES = YES;
				CLANG_ENABLE_OBJC_ARC = YES;
				CLANG_WARN_BOOL_CONVERSION = YES;
				CLANG_WARN_CONSTANT_CONVERSION = YES;
				CLANG_WARN_DIRECT_OBJC_ISA_USAGE = YES_ERROR;
				CLANG_WARN_EMPTY_BODY = YES;
				CLANG_WARN_ENUM_CONVERSION = YES;
				CLANG_WARN_INT_CONVERSION = YES;
				CLANG_WARN_OBJC_ROOT_CLASS = YES_ERROR;
				CLANG_WARN_UNREACHABLE_CODE = YES;
				CLANG_WARN__DUPLICATE_METHOD_MATCH = YES;
				"CODE_SIGN_IDENTITY[sdk=iphoneos*]" = "iPhone Developer";
				COPY_PHASE_STRIP = NO;
				DEBUG_INFORMATION_FORMAT = "dwarf-with-dsym";
				ENABLE_NS_ASSERTIONS = NO;
				ENABLE_STRICT_OBJC_MSGSEND = YES;
				GCC_C_LANGUAGE_STANDARD = gnu99;
				GCC_NO_COMMON_BLOCKS = YES;
				GCC_WARN_64_TO_32_BIT_CONVERSION = YES;
				GCC_WARN_ABOUT_RETURN_TYPE = YES_ERROR;
				GCC_WARN_UNDECLARED_SELECTOR = YES;
				GCC_WARN_UNINITIALIZED_AUTOS = YES_AGGRESSIVE;
				GCC_WARN_UNUSED_FUNCTION = YES;
				GCC_WARN_UNUSED_VARIABLE = YES;
				IPHONEOS_DEPLOYMENT_TARGET = 9.2;
				MTL_ENABLE_DEBUG_INFO = NO;
				SDKROOT = iphoneos;
				TARGETED_DEVICE_FAMILY = "1,2";
				VALIDATE_PRODUCT = YES;
			};
			name = Release;
		};
		A82C91F01C7B4F7C0015DBC0 /* Debug */ = {
			isa = XCBuildConfiguration;
			buildSettings = {
				ASSETCATALOG_COMPILER_APPICON_NAME = AppIcon;
				INFOPLIST_FILE = "Basic UI/Info.plist";
				LD_RUNPATH_SEARCH_PATHS = "$(inherited) @executable_path/Frameworks";
				PRODUCT_BUNDLE_IDENTIFIER = "filip.skalican.Basic-UI";
				PRODUCT_NAME = "$(TARGET_NAME)";
			};
			name = Debug;
		};
		A82C91F11C7B4F7C0015DBC0 /* Release */ = {
			isa = XCBuildConfiguration;
			buildSettings = {
				ASSETCATALOG_COMPILER_APPICON_NAME = AppIcon;
				INFOPLIST_FILE = "Basic UI/Info.plist";
				LD_RUNPATH_SEARCH_PATHS = "$(inherited) @executable_path/Frameworks";
				PRODUCT_BUNDLE_IDENTIFIER = "filip.skalican.Basic-UI";
				PRODUCT_NAME = "$(TARGET_NAME)";
			};
			name = Release;
		};
		A82C91F31C7B4F7C0015DBC0 /* Debug */ = {
			isa = XCBuildConfiguration;
			buildSettings = {
				BUNDLE_LOADER = "$(TEST_HOST)";
				INFOPLIST_FILE = "Basic UITests/Info.plist";
				LD_RUNPATH_SEARCH_PATHS = "$(inherited) @executable_path/Frameworks @loader_path/Frameworks";
				PRODUCT_BUNDLE_IDENTIFIER = "filip.skalican.Basic-UITests";
				PRODUCT_NAME = "$(TARGET_NAME)";
				TEST_HOST = "$(BUILT_PRODUCTS_DIR)/Basic UI.app/Basic UI";
			};
			name = Debug;
		};
		A82C91F41C7B4F7C0015DBC0 /* Release */ = {
			isa = XCBuildConfiguration;
			buildSettings = {
				BUNDLE_LOADER = "$(TEST_HOST)";
				INFOPLIST_FILE = "Basic UITests/Info.plist";
				LD_RUNPATH_SEARCH_PATHS = "$(inherited) @executable_path/Frameworks @loader_path/Frameworks";
				PRODUCT_BUNDLE_IDENTIFIER = "filip.skalican.Basic-UITests";
				PRODUCT_NAME = "$(TARGET_NAME)";
				TEST_HOST = "$(BUILT_PRODUCTS_DIR)/Basic UI.app/Basic UI";
			};
			name = Release;
		};
		A82C91F61C7B4F7C0015DBC0 /* Debug */ = {
			isa = XCBuildConfiguration;
			buildSettings = {
				INFOPLIST_FILE = "Basic UIUITests/Info.plist";
				LD_RUNPATH_SEARCH_PATHS = "$(inherited) @executable_path/Frameworks @loader_path/Frameworks";
				PRODUCT_BUNDLE_IDENTIFIER = "filip.skalican.Basic-UIUITests";
				PRODUCT_NAME = "$(TARGET_NAME)";
				TEST_TARGET_NAME = "Basic UI";
				USES_XCTRUNNER = YES;
			};
			name = Debug;
		};
		A82C91F71C7B4F7C0015DBC0 /* Release */ = {
			isa = XCBuildConfiguration;
			buildSettings = {
				INFOPLIST_FILE = "Basic UIUITests/Info.plist";
				LD_RUNPATH_SEARCH_PATHS = "$(inherited) @executable_path/Frameworks @loader_path/Frameworks";
				PRODUCT_BUNDLE_IDENTIFIER = "filip.skalican.Basic-UIUITests";
				PRODUCT_NAME = "$(TARGET_NAME)";
				TEST_TARGET_NAME = "Basic UI";
				USES_XCTRUNNER = YES;
			};
			name = Release;
		};
/* End XCBuildConfiguration section */

/* Begin XCConfigurationList section */
		A82C91C21C7B4F7C0015DBC0 /* Build configuration list for PBXProject "Basic UI" */ = {
			isa = XCConfigurationList;
			buildConfigurations = (
				A82C91ED1C7B4F7C0015DBC0 /* Debug */,
				A82C91EE1C7B4F7C0015DBC0 /* Release */,
			);
			defaultConfigurationIsVisible = 0;
			defaultConfigurationName = Release;
		};
		A82C91EF1C7B4F7C0015DBC0 /* Build configuration list for PBXNativeTarget "Basic UI" */ = {
			isa = XCConfigurationList;
			buildConfigurations = (
				A82C91F01C7B4F7C0015DBC0 /* Debug */,
				A82C91F11C7B4F7C0015DBC0 /* Release */,
			);
			defaultConfigurationIsVisible = 0;
			defaultConfigurationName = Release;
		};
		A82C91F21C7B4F7C0015DBC0 /* Build configuration list for PBXNativeTarget "Basic UITests" */ = {
			isa = XCConfigurationList;
			buildConfigurations = (
				A82C91F31C7B4F7C0015DBC0 /* Debug */,
				A82C91F41C7B4F7C0015DBC0 /* Release */,
			);
			defaultConfigurationIsVisible = 0;
			defaultConfigurationName = Release;
		};
		A82C91F51C7B4F7C0015DBC0 /* Build configuration list for PBXNativeTarget "Basic UIUITests" */ = {
			isa = XCConfigurationList;
			buildConfigurations = (
				A82C91F61C7B4F7C0015DBC0 /* Debug */,
				A82C91F71C7B4F7C0015DBC0 /* Release */,
			);
			defaultConfigurationIsVisible = 0;
			defaultConfigurationName = Release;
		};
/* End XCConfigurationList section */
	};
	rootObject = A82C91BF1C7B4F7C0015DBC0 /* Project object */;
}
